
Microsoft Visual Studio Solution File, Format Version 12.00
Project("{FAE04EC0-301F-11D3-BF4B-00C04F79EFBC}") = "BPSI.Web", "BPSI.Web\BPSI.Web.csproj", "{769195CE-6853-4D79-A0CA-D7F665004FAE}"
EndProject
Global
	GlobalSection(SolutionConfigurationPlatforms) = preSolution
		Debug|Any CPU = Debug|Any CPU
		Release|Any CPU = Release|Any CPU
	EndGlobalSection
	GlobalSection(ProjectConfigurationPlatforms) = postSolution
		{769195CE-6853-4D79-A0CA-D7F665004FAE}.Debug|Any CPU.ActiveCfg = Debug|Any CPU
		{769195CE-6853-4D79-A0CA-D7F665004FAE}.Debug|Any CPU.Build.0 = Debug|Any CPU
		{769195CE-6853-4D79-A0CA-D7F665004FAE}.Release|Any CPU.ActiveCfg = Release|Any CPU
		{769195CE-6853-4D79-A0CA-D7F665004FAE}.Release|Any CPU.Build.0 = Release|Any CPU
	EndGlobalSection
EndGlobal
